lockfileVersion: '9.0'

settings:
  autoInstallPeers: true
  excludeLinksFromLockfile: false

importers:

  .:
    devDependencies:
      '@biomejs/biome':
        specifier: ^2.2.0
        version: 2.5.14
      lefthook:
        specifier: ^1.11.0
        version: 1.13.6
      turbo:
        specifier: ^2.5.6
        version: 2.10.13
      typescript:
        specifier: ^5.9.2
        version: 5.9.3

  apps/api:
    dependencies:
      '@oryon/contracts':
        specifier: workspace:*
        version: link:../../packages/contracts
      fastify:
        specifier: ^5.5.0
        version: 5.12.5
    devDependencies:
      '@biomejs/biome':
        specifier: ^2.2.0
        version: 2.5.14
      tsx:
        specifier: ^4.20.0
        version: 4.23.13
      typescript:
        specifier: ^5.9.2
        version: 5.9.3
      vitest:
        specifier: ^3.2.0
        version: 3.2.7(@types/node@24.13.5)(jiti@2.7.0)(tsx@4.23.13)

  apps/docs-site:
    devDependencies:
      '@biomejs/biome':
        specifier: ^2.2.0
        version: 2.5.14
      typescript:
        specifier: ^5.9.2
        version: 5.9.3
      vitest:
        specifier: ^3.2.0
        version: 3.2.7(@types/node@24.13.5)(jiti@2.7.0)(tsx@4.23.13)

  apps/mobile:
    devDependencies:
      '@biomejs/biome':
        specifier: ^2.2.0
        version: 2.5.14
      typescript:
        specifier: ^5.9.2
        version: 5.9.3
      vitest:
        specifier: ^3.2.0
        version: 3.2.7(@types/node@24.13.5)(jiti@2.7.0)(tsx@4.23.13)

  apps/realtime:
    devDependencies:
      '@biomejs/biome':
        specifier: ^2.2.0
        version: 2.5.14
      tsx:
        specifier: ^4.20.0
        version: 4.23.13
      typescript:
        specifier: ^5.9.2
        version: 5.9.3
      vitest:
        specifier: ^3.2.0
        version: 3.2.7(@types/node@24.13.5)(jiti@2.7.0)(tsx@4.23.13)

  apps/web:
    dependencies:
      '@oryon/contracts':
        specifier: workspace:*
        version: link:../../packages/contracts
      '@oryon/ui':
        specifier: workspace:*
        version: link:../../packages/ui
      next:
        specifier: ^16.0.0
        version: 16.3.5(@types/node@24.13.5)(react-dom@19.3.0(react@19.3.0))(react@19.3.0)
      react:
        specifier: ^19.2.0
        version: 19.3.0
      react-dom:
        specifier: ^19.2.0
        version: 19.3.0(react@19.3.0)
    devDependencies:
      '@biomejs/biome':
        specifier: ^2.2.0
        version: 2.5.14
      '@types/node':
        specifier: ^24.0.0
        version: 24.13.5
      '@types/react':
        specifier: ^19.2.0
        version: 19.3.0
      '@types/react-dom':
        specifier: ^19.2.0
        version: 19.3.0(@types/react@19.3.0)
      typescript:
        specifier: ^5.9.2
        version: 5.9.3
      vitest:
        specifier: ^3.2.0
        version: 3.2.7(@types/node@24.13.5)(jiti@2.7.0)(tsx@4.23.13)

  apps/worker:
    devDependencies:
      '@biomejs/biome':
        specifier: ^2.2.0
        version: 2.5.14
      tsx:
        specifier: ^4.20.0
        version: 4.23.13
      typescript:
        specifier: ^5.9.2
        version: 5.9.3
      vitest:
        specifier: ^3.2.0
        version: 3.2.7(@types/node@24.13.5)(jiti@2.7.0)(tsx@4.23.13)

  packages/ai:
    dependencies:
      '@oryon/contracts':
        specifier: workspace:*
        version: link:../contracts
      '@oryon/core':
        specifier: workspace:*
        version: link:../core
      '@oryon/db':
        specifier: workspace:*
        version: link:../db
    devDependencies:
      '@biomejs/biome':
        specifier: ^2.2.0
        version: 2.5.14
      typescript:
        specifier: ^5.9.2
        version: 5.9.3
      vitest:
        specifier: ^3.2.0
        version: 3.2.7(@types/node@24.13.5)(jiti@2.7.0)(tsx@4.23.13)

  packages/config:
    devDependencies:
      '@biomejs/biome':
        specifier: ^2.2.0
        version: 2.5.14
      typescript:
        specifier: ^5.9.2
        version: 5.9.3
      vitest:
        specifier: ^3.2.0
        version: 3.2.7(@types/node@24.13.5)(jiti@2.7.0)(tsx@4.23.13)

  packages/contracts:
    dependencies:
      zod:
        specifier: ^4.0.0
        version: 4.1.12
    devDependencies:
      '@biomejs/biome':
        specifier: ^2.2.0
        version: 2.5.14
      typescript:
        specifier: ^5.9.2
        version: 5.9.3
      vitest:
        specifier: ^3.2.0
        version: 3.2.7(@types/node@24.13.5)(jiti@2.7.0)(tsx@4.23.13)

  packages/core:
    devDependencies:
      '@biomejs/biome':
        specifier: ^2.2.0
        version: 2.5.14
      typescript:
        specifier: ^5.9.2
        version: 5.9.3
      vitest:
        specifier: ^3.2.0
        version: 3.2.7(@types/node@24.13.5)(jiti@2.7.0)(tsx@4.23.13)

  packages/db:
    dependencies:
      '@oryon/contracts':
        specifier: workspace:*
        version: link:../contracts
      '@oryon/core':
        specifier: workspace:*
        version: link:../core
      '@prisma/client':
        specifier: ^6.15.0
        version: 6.19.3(prisma@6.19.3(typescript@5.9.3))
    devDependencies:
      '@biomejs/biome':
        specifier: ^2.2.0
        version: 2.5.14
      prisma:
        specifier: ^6.15.0
        version: 6.19.3(typescript@5.9.3)
      tsx:
        specifier: ^4.20.0
        version: 4.23.13
      typescript:
        specifier: ^5.9.2
        version: 5.9.3
      vitest:
        specifier: ^3.2.0
        version: 3.2.7(@types/node@24.13.5)(jiti@2.7.0)(tsx@4.23.13)

  packages/i18n:
    devDependencies:
      '@biomejs/biome':
        specifier: ^2.2.0
        version: 2.5.14
      typescript:
        specifier: ^5.9.2
        version: 5.9.3
      vitest:
        specifier: ^3.2.0
        version: 3.2.7(@types/node@24.13.5)(jiti@2.7.0)(tsx@4.23.13)

  packages/realtime-client:
    devDependencies:
      '@biomejs/biome':
        specifier: ^2.2.0
        version: 2.5.14
      typescript:
        specifier: ^5.9.2
        version: 5.9.3
      vitest:
        specifier: ^3.2.0
        version: 3.2.7(@types/node@24.13.5)(jiti@2.7.0)(tsx@4.23.13)

  packages/search:
    devDependencies:
      '@biomejs/biome':
        specifier: ^2.2.0
        version: 2.5.14
      typescript:
        specifier: ^5.9.2
        version: 5.9.3
      vitest:
        specifier: ^3.2.0
        version: 3.2.7(@types/node@24.13.5)(jiti@2.7.0)(tsx@4.23.13)

  packages/testing:
    devDependencies:
      '@biomejs/biome':
        specifier: ^2.2.0
        version: 2.5.14
      typescript:
        specifier: ^5.9.2
        version: 5.9.3
      vitest:
        specifier: ^3.2.0
        version: 3.2.7(@types/node@24.13.5)(jiti@2.7.0)(tsx@4.23.13)

  packages/ui:
    dependencies:
      '@oryon/config':
        specifier: workspace:*
        version: link:../config
    devDependencies:
      '@biomejs/biome':
        specifier: ^2.2.0
        version: 2.5.14
      typescript:
        specifier: ^5.9.2
        version: 5.9.3
      vitest:
        specifier: ^3.2.0
        version: 3.2.7(@types/node@24.13.5)(jiti@2.7.0)(tsx@4.23.13)
